{
  "name": "smn-utils",
  "version": "1.0.0",
  "lockfileVersion": 3,
  "requires": true,
  "packages": {
    "": {
      "name": "smn-utils",
      "version": "1.0.0",
      "license": "ISC",
      "dependencies": {
        "cryptr": "^6.1.0"
      }
    },
    "node_modules/cryptr": {
      "version": "6.1.0",
      "resolved": "https://registry.npmjs.org/cryptr/-/cryptr-6.1.0.tgz",
      "integrity": "sha512-vJBrDcKAZ/OpMW4EptbGTD2EfNEywh6QtsPDX5kd2u1MNBmTLGC3IlOoRh8Ov7dmZhFfRjUJ07u4eCoJ8+oM9A=="
    }
  }
}
